{
  "version": 4,
  "terraform_version": "1.5.7",
  "serial": 47,
  "lineage": "cddb9495-80d7-6ee1-b19c-efbd799baa0f",
  "outputs": {
    "artifact_registry_repo_url": {
      "value": "us-central1-docker.pkg.dev/hearth-483321/hearth-repo",
      "type": "string"
    },
    "frontend_url": {
      "value": "https://hearth-web-ycdzfnenuq-uc.a.run.app",
      "type": "string"
    },
    "service_url": {
      "value": "https://hearth-api-ycdzfnenuq-uc.a.run.app",
      "type": "string"
    }
  },
  "resources": [
    {
      "mode": "managed",
      "type": "google_artifact_registry_repository",
      "name": "repo",
      "provider": "provider[\"registry.terraform.io/hashicorp/google\"]",
      "instances": [
        {
          "schema_version": 0,
          "attributes": {
            "cleanup_policies": [],
            "cleanup_policy_dry_run": false,
            "create_time": "2026-01-05T23:05:37.286464Z",
            "description": "Docker repository for Hearth API",
            "docker_config": [],
            "effective_labels": {
              "goog-terraform-provisioned": "true"
            },
            "format": "DOCKER",
            "id": "projects/hearth-483321/locations/us-central1/repositories/hearth-repo",
            "kms_key_name": "",
            "labels": {},
            "location": "us-central1",
            "maven_config": [],
            "mode": "STANDARD_REPOSITORY",
            "name": "hearth-repo",
            "project": "hearth-483321",
            "remote_repository_config": [],
            "repository_id": "hearth-repo",
            "terraform_labels": {
              "goog-terraform-provisioned": "true"
            },
            "timeouts": null,
            "update_time": "2026-01-11T02:41:19.606568Z",
            "virtual_repository_config": [],
            "vulnerability_scanning_config": [
              {
                "enablement_config": "",
                "enablement_state": "SCANNING_DISABLED",
                "enablement_state_reason": "API containerscanning.googleapis.com is not enabled."
              }
            ]
          },
          "sensitive_attributes": [],
          "private": "eyJlMmJmYjczMC1lY2FhLTExZTYtOGY4OC0zNDM2M2JjN2M0YzAiOnsiY3JlYXRlIjoxMjAwMDAwMDAwMDAwLCJkZWxldGUiOjEyMDAwMDAwMDAwMDAsInVwZGF0ZSI6MTIwMDAwMDAwMDAwMH19",
          "dependencies": [
            "google_project_service.artifact_registry"
          ]
        }
      ]
    },
    {
      "mode": "managed",
      "type": "google_cloud_run_service_iam_member",
      "name": "frontend_public",
      "provider": "provider[\"registry.terraform.io/hashicorp/google\"]",
      "instances": [
        {
          "schema_version": 0,
          "attributes": {
            "condition": [],
            "etag": "BwZIE83jOTM=",
            "id": "v1/projects/hearth-483321/locations/us-central1/services/hearth-web/roles/run.invoker/allUsers",
            "location": "us-central1",
            "member": "allUsers",
            "project": "hearth-483321",
            "role": "roles/run.invoker",
            "service": "v1/projects/hearth-483321/locations/us-central1/services/hearth-web"
          },
          "sensitive_attributes": [],
          "private": "bnVsbA==",
          "dependencies": [
            "google_cloud_run_v2_service.default",
            "google_cloud_run_v2_service.frontend",
            "google_project_service.cloud_run",
            "supabase_project.db"
          ]
        }
      ]
    },
    {
      "mode": "managed",
      "type": "google_cloud_run_service_iam_member",
      "name": "public",
      "provider": "provider[\"registry.terraform.io/hashicorp/google\"]",
      "instances": [
        {
          "schema_version": 0,
          "attributes": {
            "condition": [],
            "etag": "BwZHrGD+BpQ=",
            "id": "v1/projects/hearth-483321/locations/us-central1/services/hearth-api/roles/run.invoker/allUsers",
            "location": "us-central1",
            "member": "allUsers",
            "project": "hearth-483321",
            "role": "roles/run.invoker",
            "service": "v1/projects/hearth-483321/locations/us-central1/services/hearth-api"
          },
          "sensitive_attributes": [],
          "private": "bnVsbA==",
          "dependencies": [
            "google_cloud_run_v2_service.default",
            "google_project_service.cloud_run",
            "supabase_project.db"
          ]
        }
      ]
    },
    {
      "mode": "managed",
      "type": "google_cloud_run_v2_service",
      "name": "default",
      "provider": "provider[\"registry.terraform.io/hashicorp/google\"]",
      "instances": [
        {
          "schema_version": 0,
          "attributes": {
            "annotations": {},
            "binary_authorization": [],
            "build_config": [],
            "client": "",
            "client_version": "",
            "conditions": [
              {
                "execution_reason": "",
                "last_transition_time": "2026-01-11T02:48:51.834092Z",
                "message": "",
                "reason": "",
                "revision_reason": "",
                "severity": "",
                "state": "CONDITION_SUCCEEDED",
                "type": "RoutesReady"
              },
              {
                "execution_reason": "",
                "last_transition_time": "2026-01-11T02:48:48.436800Z",
                "message": "",
                "reason": "",
                "revision_reason": "",
                "severity": "",
                "state": "CONDITION_SUCCEEDED",
                "type": "ConfigurationsReady"
              }
            ],
            "create_time": "2026-01-05T23:25:36.095663Z",
            "creator": "eiston.wei@gmail.com",
            "custom_audiences": [],
            "delete_time": "",
            "deletion_protection": false,
            "description": "",
            "effective_annotations": {},
            "effective_labels": {
              "goog-terraform-provisioned": "true"
            },
            "etag": "\"CI-fjMsGEMiu7OcC/cHJvamVjdHMvaGVhcnRoLTQ4MzMyMS9sb2NhdGlvbnMvdXMtY2VudHJhbDEvc2VydmljZXMvaGVhcnRoLWFwaQ\"",
            "expire_time": "",
            "generation": "3",
            "id": "projects/hearth-483321/locations/us-central1/services/hearth-api",
            "ingress": "INGRESS_TRAFFIC_ALL",
            "invoker_iam_disabled": false,
            "labels": {},
            "last_modifier": "eiston.wei@gmail.com",
            "latest_created_revision": "projects/hearth-483321/locations/us-central1/services/hearth-api/revisions/hearth-api-00003-99r",
            "latest_ready_revision": "projects/hearth-483321/locations/us-central1/services/hearth-api/revisions/hearth-api-00003-99r",
            "launch_stage": "GA",
            "location": "us-central1",
            "name": "hearth-api",
            "observed_generation": "3",
            "project": "hearth-483321",
            "reconciling": false,
            "scaling": [
              {
                "manual_instance_count": 0,
                "min_instance_count": 0,
                "scaling_mode": ""
              }
            ],
            "template": [
              {
                "annotations": {},
                "containers": [
                  {
                    "args": [],
                    "base_image_uri": "",
                    "build_info": [],
                    "command": [],
                    "depends_on": [],
                    "env": [
                      {
                        "name": "ALLOWED_ORIGINS",
                        "value": "https://hearth-web-ycdzfnenuq-uc.a.run.app",
                        "value_source": []
                      },
                      {
                        "name": "DB_HOST",
                        "value": "db.hgyreuwoxyubkcgoquyl.supabase.co",
                        "value_source": []
                      },
                      {
                        "name": "DB_NAME",
                        "value": "postgres",
                        "value_source": []
                      },
                      {
                        "name": "DB_PASSWORD",
                        "value": "2jmHFNQZa#r-bEV",
                        "value_source": []
                      },
                      {
                        "name": "DB_PORT",
                        "value": "5432",
                        "value_source": []
                      },
                      {
                        "name": "DB_USER",
                        "value": "postgres",
                        "value_source": []
                      }
                    ],
                    "image": "us-central1-docker.pkg.dev/hearth-483321/hearth-repo/api:latest",
                    "liveness_probe": [],
                    "name": "",
                    "ports": [
                      {
                        "container_port": 8080,
                        "name": "http1"
                      }
                    ],
                    "resources": [
                      {
                        "cpu_idle": true,
                        "limits": {
                          "cpu": "1000m",
                          "memory": "512Mi"
                        },
                        "startup_cpu_boost": false
                      }
                    ],
                    "startup_probe": [
                      {
                        "failure_threshold": 1,
                        "grpc": [],
                        "http_get": [],
                        "initial_delay_seconds": 0,
                        "period_seconds": 240,
                        "tcp_socket": [
                          {
                            "port": 8080
                          }
                        ],
                        "timeout_seconds": 240
                      }
                    ],
                    "volume_mounts": [],
                    "working_dir": ""
                  }
                ],
                "encryption_key": "",
                "execution_environment": "",
                "gpu_zonal_redundancy_disabled": false,
                "labels": {},
                "max_instance_request_concurrency": 80,
                "node_selector": [],
                "revision": "",
                "scaling": [],
                "service_account": "1073169483760-compute@developer.gserviceaccount.com",
                "session_affinity": false,
                "timeout": "300s",
                "volumes": [],
                "vpc_access": []
              }
            ],
            "terminal_condition": [
              {
                "execution_reason": "",
                "last_transition_time": "2026-01-11T02:48:51.866991Z",
                "message": "",
                "reason": "",
                "revision_reason": "",
                "severity": "",
                "state": "CONDITION_SUCCEEDED",
                "type": "Ready"
              }
            ],
            "terraform_labels": {
              "goog-terraform-provisioned": "true"
            },
            "timeouts": null,
            "traffic": [
              {
                "percent": 100,
                "revision": "",
                "tag": "",
                "type": "TRAFFIC_TARGET_ALLOCATION_TYPE_LATEST"
              }
            ],
            "traffic_statuses": [
              {
                "percent": 100,
                "revision": "",
                "tag": "",
                "type": "TRAFFIC_TARGET_ALLOCATION_TYPE_LATEST",
                "uri": ""
              }
            ],
            "uid": "19a8c9c6-8a08-4025-8ddf-a55451673125",
            "update_time": "2026-01-11T02:48:47.754653Z",
            "uri": "https://hearth-api-ycdzfnenuq-uc.a.run.app",
            "urls": [
              "https://hearth-api-1073169483760.us-central1.run.app",
              "https://hearth-api-ycdzfnenuq-uc.a.run.app"
            ]
          },
          "sensitive_attributes": [
            [
              {
                "type": "get_attr",
                "value": "template"
              },
              {
                "type": "index",
                "value": {
                  "value": 0,
                  "type": "number"
                }
              },
              {
                "type": "get_attr",
                "value": "containers"
              },
              {
                "type": "index",
                "value": {
                  "value": 0,
                  "type": "number"
                }
              },
              {
                "type": "get_attr",
                "value": "env"
              }
            ]
          ],
          "private": "eyJlMmJmYjczMC1lY2FhLTExZTYtOGY4OC0zNDM2M2JjN2M0YzAiOnsiY3JlYXRlIjoxMjAwMDAwMDAwMDAwLCJkZWxldGUiOjEyMDAwMDAwMDAwMDAsInVwZGF0ZSI6MTIwMDAwMDAwMDAwMH19",
          "dependencies": [
            "google_project_service.cloud_run",
            "supabase_project.db"
          ]
        }
      ]
    },
    {
      "mode": "managed",
      "type": "google_cloud_run_v2_service",
      "name": "frontend",
      "provider": "provider[\"registry.terraform.io/hashicorp/google\"]",
      "instances": [
        {
          "schema_version": 0,
          "attributes": {
            "annotations": {},
            "binary_authorization": [],
            "build_config": [],
            "client": "",
            "client_version": "",
            "conditions": [
              {
                "execution_reason": "",
                "last_transition_time": "2026-01-11T02:34:38.346974Z",
                "message": "",
                "reason": "",
                "revision_reason": "",
                "severity": "",
                "state": "CONDITION_SUCCEEDED",
                "type": "RoutesReady"
              },
              {
                "execution_reason": "",
                "last_transition_time": "2026-01-11T02:34:25.390752Z",
                "message": "",
                "reason": "",
                "revision_reason": "",
                "severity": "",
                "state": "CONDITION_SUCCEEDED",
                "type": "ConfigurationsReady"
              }
            ],
            "create_time": "2026-01-11T02:34:22.456723Z",
            "creator": "eiston.wei@gmail.com",
            "custom_audiences": [],
            "delete_time": "",
            "deletion_protection": false,
            "description": "",
            "effective_annotations": {},
            "effective_labels": {},
            "etag": "\"CKqfjMsGELDs6rUD/cHJvamVjdHMvaGVhcnRoLTQ4MzMyMS9sb2NhdGlvbnMvdXMtY2VudHJhbDEvc2VydmljZXMvaGVhcnRoLXdlYg\"",
            "expire_time": "",
            "generation": "2",
            "id": "projects/hearth-483321/locations/us-central1/services/hearth-web",
            "ingress": "INGRESS_TRAFFIC_ALL",
            "invoker_iam_disabled": false,
            "labels": {},
            "last_modifier": "eiston.wei@gmail.com",
            "latest_created_revision": "projects/hearth-483321/locations/us-central1/services/hearth-web/revisions/hearth-web-00001-pbb",
            "latest_ready_revision": "projects/hearth-483321/locations/us-central1/services/hearth-web/revisions/hearth-web-00001-pbb",
            "launch_stage": "GA",
            "location": "us-central1",
            "name": "hearth-web",
            "observed_generation": "2",
            "project": "hearth-483321",
            "reconciling": false,
            "scaling": [
              {
                "manual_instance_count": 0,
                "min_instance_count": 0,
                "scaling_mode": ""
              }
            ],
            "template": [
              {
                "annotations": {},
                "containers": [
                  {
                    "args": [],
                    "base_image_uri": "",
                    "build_info": [],
                    "command": [],
                    "depends_on": [],
                    "env": [
                      {
                        "name": "NEXT_PUBLIC_API_URL",
                        "value": "https://hearth-api-ycdzfnenuq-uc.a.run.app",
                        "value_source": []
                      }
                    ],
                    "image": "us-central1-docker.pkg.dev/hearth-483321/hearth-repo/web:latest",
                    "liveness_probe": [],
                    "name": "",
                    "ports": [
                      {
                        "container_port": 8080,
                        "name": "http1"
                      }
                    ],
                    "resources": [
                      {
                        "cpu_idle": true,
                        "limits": {
                          "cpu": "1000m",
                          "memory": "512Mi"
                        },
                        "startup_cpu_boost": true
                      }
                    ],
                    "startup_probe": [
                      {
                        "failure_threshold": 1,
                        "grpc": [],
                        "http_get": [],
                        "initial_delay_seconds": 0,
                        "period_seconds": 240,
                        "tcp_socket": [
                          {
                            "port": 8080
                          }
                        ],
                        "timeout_seconds": 240
                      }
                    ],
                    "volume_mounts": [],
                    "working_dir": ""
                  }
                ],
                "encryption_key": "",
                "execution_environment": "",
                "gpu_zonal_redundancy_disabled": false,
                "labels": {},
                "max_instance_request_concurrency": 80,
                "node_selector": [],
                "revision": "",
                "scaling": [],
                "service_account": "1073169483760-compute@developer.gserviceaccount.com",
                "session_affinity": false,
                "timeout": "300s",
                "volumes": [],
                "vpc_access": []
              }
            ],
            "terminal_condition": [
              {
                "execution_reason": "",
                "last_transition_time": "2026-01-11T02:34:38.382806Z",
                "message": "",
                "reason": "",
                "revision_reason": "",
                "severity": "",
                "state": "CONDITION_SUCCEEDED",
                "type": "Ready"
              }
            ],
            "terraform_labels": {},
            "timeouts": null,
            "traffic": [
              {
                "percent": 100,
                "revision": "",
                "tag": "",
                "type": "TRAFFIC_TARGET_ALLOCATION_TYPE_LATEST"
              }
            ],
            "traffic_statuses": [
              {
                "percent": 100,
                "revision": "",
                "tag": "",
                "type": "TRAFFIC_TARGET_ALLOCATION_TYPE_LATEST",
                "uri": ""
              }
            ],
            "uid": "54ca21f7-50fa-454d-a7bb-589936e9ed3e",
            "update_time": "2026-01-11T02:49:14.918206Z",
            "uri": "https://hearth-web-ycdzfnenuq-uc.a.run.app",
            "urls": [
              "https://hearth-web-1073169483760.us-central1.run.app",
              "https://hearth-web-ycdzfnenuq-uc.a.run.app"
            ]
          },
          "sensitive_attributes": [],
          "private": "eyJlMmJmYjczMC1lY2FhLTExZTYtOGY4OC0zNDM2M2JjN2M0YzAiOnsiY3JlYXRlIjoxMjAwMDAwMDAwMDAwLCJkZWxldGUiOjEyMDAwMDAwMDAwMDAsInVwZGF0ZSI6MTIwMDAwMDAwMDAwMH19",
          "dependencies": [
            "google_cloud_run_v2_service.default",
            "google_project_service.cloud_run",
            "supabase_project.db"
          ]
        }
      ]
    },
    {
      "mode": "managed",
      "type": "google_project_service",
      "name": "artifact_registry",
      "provider": "provider[\"registry.terraform.io/hashicorp/google\"]",
      "instances": [
        {
          "schema_version": 0,
          "attributes": {
            "disable_dependent_services": null,
            "disable_on_destroy": false,
            "id": "hearth-483321/artifactregistry.googleapis.com",
            "project": "hearth-483321",
            "service": "artifactregistry.googleapis.com",
            "timeouts": null
          },
          "sensitive_attributes": [],
          "private": "eyJlMmJmYjczMC1lY2FhLTExZTYtOGY4OC0zNDM2M2JjN2M0YzAiOnsiY3JlYXRlIjoxMjAwMDAwMDAwMDAwLCJkZWxldGUiOjEyMDAwMDAwMDAwMDAsInJlYWQiOjYwMDAwMDAwMDAwMCwidXBkYXRlIjoxMjAwMDAwMDAwMDAwfX0="
        }
      ]
    },
    {
      "mode": "managed",
      "type": "google_project_service",
      "name": "cloud_run",
      "provider": "provider[\"registry.terraform.io/hashicorp/google\"]",
      "instances": [
        {
          "schema_version": 0,
          "attributes": {
            "disable_dependent_services": null,
            "disable_on_destroy": false,
            "id": "hearth-483321/run.googleapis.com",
            "project": "hearth-483321",
            "service": "run.googleapis.com",
            "timeouts": null
          },
          "sensitive_attributes": [],
          "private": "eyJlMmJmYjczMC1lY2FhLTExZTYtOGY4OC0zNDM2M2JjN2M0YzAiOnsiY3JlYXRlIjoxMjAwMDAwMDAwMDAwLCJkZWxldGUiOjEyMDAwMDAwMDAwMDAsInJlYWQiOjYwMDAwMDAwMDAwMCwidXBkYXRlIjoxMjAwMDAwMDAwMDAwfX0="
        }
      ]
    },
    {
      "mode": "managed",
      "type": "google_project_service",
      "name": "iam",
      "provider": "provider[\"registry.terraform.io/hashicorp/google\"]",
      "instances": [
        {
          "schema_version": 0,
          "attributes": {
            "disable_dependent_services": null,
            "disable_on_destroy": false,
            "id": "hearth-483321/iam.googleapis.com",
            "project": "hearth-483321",
            "service": "iam.googleapis.com",
            "timeouts": null
          },
          "sensitive_attributes": [],
          "private": "eyJlMmJmYjczMC1lY2FhLTExZTYtOGY4OC0zNDM2M2JjN2M0YzAiOnsiY3JlYXRlIjoxMjAwMDAwMDAwMDAwLCJkZWxldGUiOjEyMDAwMDAwMDAwMDAsInJlYWQiOjYwMDAwMDAwMDAwMCwidXBkYXRlIjoxMjAwMDAwMDAwMDAwfX0="
        }
      ]
    },
    {
      "mode": "managed",
      "type": "supabase_project",
      "name": "db",
      "provider": "provider[\"registry.terraform.io/supabase/supabase\"]",
      "instances": [
        {
          "schema_version": 0,
          "attributes": {
            "database_password": "2jmHFNQZa#r-bEV",
            "id": "hgyreuwoxyubkcgoquyl",
            "instance_size": null,
            "name": "hearth-api",
            "organization_id": "auxoxtiwfnpxkilbsrtk",
            "region": "us-east-1"
          },
          "sensitive_attributes": [
            [
              {
                "type": "get_attr",
                "value": "database_password"
              }
            ]
          ]
        }
      ]
    }
  ],
  "check_results": null
}
